
Microsoft Visual Studio Solution File, Format Version 11.00
# Visual Studio 2010
Project("{FAE04EC0-301F-11D3-BF4B-00C04F79EFBC}") = "projeto sem bug", "Assembly-CSharp.csproj", "{C90A0C38-9044-6BDC-E6F7-702F31322267}"
EndProject
Project("{FAE04EC0-301F-11D3-BF4B-00C04F79EFBC}") = "projeto sem bug", "Assembly-CSharp-Editor-firstpass.csproj", "{0F29674E-2D2F-EBA4-9140-1B2EB04DA32F}"
EndProject
Global
	GlobalSection(SolutionConfigurationPlatforms) = preSolution
		Debug|Any CPU = Debug|Any CPU
		Release|Any CPU = Release|Any CPU
	EndGlobalSection
	GlobalSection(ProjectConfigurationPlatforms) = postSolution
		{C90A0C38-9044-6BDC-E6F7-702F31322267}.Debug|Any CPU.ActiveCfg = Debug|Any CPU
		{C90A0C38-9044-6BDC-E6F7-702F31322267}.Debug|Any CPU.Build.0 = Debug|Any CPU
		{C90A0C38-9044-6BDC-E6F7-702F31322267}.Release|Any CPU.ActiveCfg = Release|Any CPU
		{C90A0C38-9044-6BDC-E6F7-702F31322267}.Release|Any CPU.Build.0 = Release|Any CPU
		{0F29674E-2D2F-EBA4-9140-1B2EB04DA32F}.Debug|Any CPU.ActiveCfg = Debug|Any CPU
		{0F29674E-2D2F-EBA4-9140-1B2EB04DA32F}.Debug|Any CPU.Build.0 = Debug|Any CPU
		{0F29674E-2D2F-EBA4-9140-1B2EB04DA32F}.Release|Any CPU.ActiveCfg = Release|Any CPU
		{0F29674E-2D2F-EBA4-9140-1B2EB04DA32F}.Release|Any CPU.Build.0 = Release|Any CPU
	EndGlobalSection
	GlobalSection(SolutionProperties) = preSolution
		HideSolutionNode = FALSE
	EndGlobalSection
	GlobalSection(MonoDevelopProperties) = preSolution
		StartupItem = Assembly-CSharp.csproj
	EndGlobalSection
EndGlobal
